
Microsoft Visual Studio Solution File, Format Version 12.00
# Visual Studio Version 16
VisualStudioVersion = 16.0.30523.141
MinimumVisualStudioVersion = 10.0.40219.1
Project("{FAE04EC0-301F-11D3-BF4B-00C04F79EFBC}") = "EncryptionExample", "EncryptionExample\EncryptionExample.csproj", "{5976C73D-0B30-4C87-8375-38D38083CA5A}"
EndProject
Global
	GlobalSection(SolutionConfigurationPlatforms) = preSolution
		Debug|Any CPU = Debug|Any CPU
		Release|Any CPU = Release|Any CPU
	EndGlobalSection
	GlobalSection(ProjectConfigurationPlatforms) = postSolution
		{5976C73D-0B30-4C87-8375-38D38083CA5A}.Debug|Any CPU.ActiveCfg = Debug|Any CPU
		{5976C73D-0B30-4C87-8375-38D38083CA5A}.Debug|Any CPU.Build.0 = Debug|Any CPU
		{5976C73D-0B30-4C87-8375-38D38083CA5A}.Release|Any CPU.ActiveCfg = Release|Any CPU
		{5976C73D-0B30-4C87-8375-38D38083CA5A}.Release|Any CPU.Build.0 = Release|Any CPU
	EndGlobalSection
	GlobalSection(SolutionProperties) = preSolution
		HideSolutionNode = FALSE
	EndGlobalSection
	GlobalSection(ExtensibilityGlobals) = postSolution
		SolutionGuid = {7CA816E0-9DEC-42BF-8AC0-FDBBF3807A55}
	EndGlobalSection
EndGlobal
