
Microsoft Visual Studio Solution File, Format Version 12.00
# Visual Studio 15
VisualStudioVersion = 15.0.28307.136
MinimumVisualStudioVersion = 10.0.40219.1
Project("{9A19103F-16F7-4668-BE54-9A1E7A4F7556}") = "EF.Basics", "ConsoleApp10\EF.Basics.csproj", "{4FF55305-B1C9-4832-B318-3FA2E553ABA4}"
EndProject
Project("{9A19103F-16F7-4668-BE54-9A1E7A4F7556}") = "EF.NewDB", "EF.NewDB\EF.NewDB.csproj", "{5C32909D-52AA-49FF-B139-500038794A55}"
EndProject
Project("{FAE04EC0-301F-11D3-BF4B-00C04F79EFBC}") = "EF.Query", "ConsoleApp1\EF.Query.csproj", "{9DCAAAB2-F51B-436B-B875-E74B19E9DD59}"
EndProject
Project("{FAE04EC0-301F-11D3-BF4B-00C04F79EFBC}") = "NUnitTestProject1", "NUnitTestProject1\NUnitTestProject1.csproj", "{DFB7F7B4-EEEC-4E95-8A1C-65A7E6023C08}"
EndProject
Project("{FAE04EC0-301F-11D3-BF4B-00C04F79EFBC}") = "WebApplication1", "WebApplication1\WebApplication1.csproj", "{F9F950FA-5162-47AB-B2A2-3BAEB0A05359}"
EndProject
Global
	GlobalSection(SolutionConfigurationPlatforms) = preSolution
		Debug|Any CPU = Debug|Any CPU
		Release|Any CPU = Release|Any CPU
	EndGlobalSection
	GlobalSection(ProjectConfigurationPlatforms) = postSolution
		{4FF55305-B1C9-4832-B318-3FA2E553ABA4}.Debug|Any CPU.ActiveCfg = Debug|Any CPU
		{4FF55305-B1C9-4832-B318-3FA2E553ABA4}.Debug|Any CPU.Build.0 = Debug|Any CPU
		{4FF55305-B1C9-4832-B318-3FA2E553ABA4}.Release|Any CPU.ActiveCfg = Release|Any CPU
		{4FF55305-B1C9-4832-B318-3FA2E553ABA4}.Release|Any CPU.Build.0 = Release|Any CPU
		{5C32909D-52AA-49FF-B139-500038794A55}.Debug|Any CPU.ActiveCfg = Debug|Any CPU
		{5C32909D-52AA-49FF-B139-500038794A55}.Debug|Any CPU.Build.0 = Debug|Any CPU
		{5C32909D-52AA-49FF-B139-500038794A55}.Release|Any CPU.ActiveCfg = Release|Any CPU
		{5C32909D-52AA-49FF-B139-500038794A55}.Release|Any CPU.Build.0 = Release|Any CPU
		{9DCAAAB2-F51B-436B-B875-E74B19E9DD59}.Debug|Any CPU.ActiveCfg = Debug|Any CPU
		{9DCAAAB2-F51B-436B-B875-E74B19E9DD59}.Debug|Any CPU.Build.0 = Debug|Any CPU
		{9DCAAAB2-F51B-436B-B875-E74B19E9DD59}.Release|Any CPU.ActiveCfg = Release|Any CPU
		{9DCAAAB2-F51B-436B-B875-E74B19E9DD59}.Release|Any CPU.Build.0 = Release|Any CPU
		{DFB7F7B4-EEEC-4E95-8A1C-65A7E6023C08}.Debug|Any CPU.ActiveCfg = Debug|Any CPU
		{DFB7F7B4-EEEC-4E95-8A1C-65A7E6023C08}.Debug|Any CPU.Build.0 = Debug|Any CPU
		{DFB7F7B4-EEEC-4E95-8A1C-65A7E6023C08}.Release|Any CPU.ActiveCfg = Release|Any CPU
		{DFB7F7B4-EEEC-4E95-8A1C-65A7E6023C08}.Release|Any CPU.Build.0 = Release|Any CPU
		{F9F950FA-5162-47AB-B2A2-3BAEB0A05359}.Debug|Any CPU.ActiveCfg = Debug|Any CPU
		{F9F950FA-5162-47AB-B2A2-3BAEB0A05359}.Debug|Any CPU.Build.0 = Debug|Any CPU
		{F9F950FA-5162-47AB-B2A2-3BAEB0A05359}.Release|Any CPU.ActiveCfg = Release|Any CPU
		{F9F950FA-5162-47AB-B2A2-3BAEB0A05359}.Release|Any CPU.Build.0 = Release|Any CPU
	EndGlobalSection
	GlobalSection(SolutionProperties) = preSolution
		HideSolutionNode = FALSE
	EndGlobalSection
	GlobalSection(ExtensibilityGlobals) = postSolution
		SolutionGuid = {0EF92EED-81A4-4D94-8EC6-E8E30CFEC017}
	EndGlobalSection
EndGlobal
